
Microsoft Visual Studio Solution File, Format Version 12.00
# Visual Studio Version 17
VisualStudioVersion = 17.11.35222.181
MinimumVisualStudioVersion = 10.0.40219.1
Project("{FAE04EC0-301F-11D3-BF4B-00C04F79EFBC}") = "Aula_22_matrizes", "Aula_22_matrizes\Aula_22_matrizes.csproj", "{F6CBBB73-7E33-4ECD-A8E2-A3C0D47891D9}"
EndProject
Global
	GlobalSection(SolutionConfigurationPlatforms) = preSolution
		Debug|Any CPU = Debug|Any CPU
		Release|Any CPU = Release|Any CPU
	EndGlobalSection
	GlobalSection(ProjectConfigurationPlatforms) = postSolution
		{F6CBBB73-7E33-4ECD-A8E2-A3C0D47891D9}.Debug|Any CPU.ActiveCfg = Debug|Any CPU
		{F6CBBB73-7E33-4ECD-A8E2-A3C0D47891D9}.Debug|Any CPU.Build.0 = Debug|Any CPU
		{F6CBBB73-7E33-4ECD-A8E2-A3C0D47891D9}.Release|Any CPU.ActiveCfg = Release|Any CPU
		{F6CBBB73-7E33-4ECD-A8E2-A3C0D47891D9}.Release|Any CPU.Build.0 = Release|Any CPU
	EndGlobalSection
	GlobalSection(SolutionProperties) = preSolution
		HideSolutionNode = FALSE
	EndGlobalSection
	GlobalSection(ExtensibilityGlobals) = postSolution
		SolutionGuid = {925567A1-7C46-4416-A2FB-B4B43D1D725A}
	EndGlobalSection
EndGlobal
