
Microsoft Visual Studio Solution File, Format Version 12.00
# Visual Studio Version 17
VisualStudioVersion = 17.11.35327.3
MinimumVisualStudioVersion = 10.0.40219.1
Project("{FAE04EC0-301F-11D3-BF4B-00C04F79EFBC}") = "Aula_42_file_fileInfo_ioException", "Aula_42_file_fileInfo_ioException\Aula_42_file_fileInfo_ioException.csproj", "{25F7E74C-1536-453D-9E4A-F648251D2CC6}"
EndProject
Global
	GlobalSection(SolutionConfigurationPlatforms) = preSolution
		Debug|Any CPU = Debug|Any CPU
		Release|Any CPU = Release|Any CPU
	EndGlobalSection
	GlobalSection(ProjectConfigurationPlatforms) = postSolution
		{25F7E74C-1536-453D-9E4A-F648251D2CC6}.Debug|Any CPU.ActiveCfg = Debug|Any CPU
		{25F7E74C-1536-453D-9E4A-F648251D2CC6}.Debug|Any CPU.Build.0 = Debug|Any CPU
		{25F7E74C-1536-453D-9E4A-F648251D2CC6}.Release|Any CPU.ActiveCfg = Release|Any CPU
		{25F7E74C-1536-453D-9E4A-F648251D2CC6}.Release|Any CPU.Build.0 = Release|Any CPU
	EndGlobalSection
	GlobalSection(SolutionProperties) = preSolution
		HideSolutionNode = FALSE
	EndGlobalSection
	GlobalSection(ExtensibilityGlobals) = postSolution
		SolutionGuid = {5E39EA18-7F0E-45C9-9BB7-D58912EE94DA}
	EndGlobalSection
EndGlobal
