
Microsoft Visual Studio Solution File, Format Version 12.00
# Visual Studio Version 17
VisualStudioVersion = 17.11.35222.181
MinimumVisualStudioVersion = 10.0.40219.1
Project("{FAE04EC0-301F-11D3-BF4B-00C04F79EFBC}") = "Aula_25_expressao_cond_ternaria", "Aula_25_expressao_cond_ternaria\Aula_25_expressao_cond_ternaria.csproj", "{54EB661B-6803-4F63-B91B-BB1FAFCC9334}"
EndProject
Global
	GlobalSection(SolutionConfigurationPlatforms) = preSolution
		Debug|Any CPU = Debug|Any CPU
		Release|Any CPU = Release|Any CPU
	EndGlobalSection
	GlobalSection(ProjectConfigurationPlatforms) = postSolution
		{54EB661B-6803-4F63-B91B-BB1FAFCC9334}.Debug|Any CPU.ActiveCfg = Debug|Any CPU
		{54EB661B-6803-4F63-B91B-BB1FAFCC9334}.Debug|Any CPU.Build.0 = Debug|Any CPU
		{54EB661B-6803-4F63-B91B-BB1FAFCC9334}.Release|Any CPU.ActiveCfg = Release|Any CPU
		{54EB661B-6803-4F63-B91B-BB1FAFCC9334}.Release|Any CPU.Build.0 = Release|Any CPU
	EndGlobalSection
	GlobalSection(SolutionProperties) = preSolution
		HideSolutionNode = FALSE
	EndGlobalSection
	GlobalSection(ExtensibilityGlobals) = postSolution
		SolutionGuid = {360A809F-273A-4475-9F22-BAF6A1DCAA45}
	EndGlobalSection
EndGlobal
