
Microsoft Visual Studio Solution File, Format Version 12.00
# Visual Studio Version 17
VisualStudioVersion = 17.11.35222.181
MinimumVisualStudioVersion = 10.0.40219.1
Project("{FAE04EC0-301F-11D3-BF4B-00C04F79EFBC}") = "Aula_5_funcoes", "Aula_5_funcoes\Aula_5_funcoes.csproj", "{79F9E095-5271-4D88-9CDF-44C9725E04A5}"
EndProject
Global
	GlobalSection(SolutionConfigurationPlatforms) = preSolution
		Debug|Any CPU = Debug|Any CPU
		Release|Any CPU = Release|Any CPU
	EndGlobalSection
	GlobalSection(ProjectConfigurationPlatforms) = postSolution
		{79F9E095-5271-4D88-9CDF-44C9725E04A5}.Debug|Any CPU.ActiveCfg = Debug|Any CPU
		{79F9E095-5271-4D88-9CDF-44C9725E04A5}.Debug|Any CPU.Build.0 = Debug|Any CPU
		{79F9E095-5271-4D88-9CDF-44C9725E04A5}.Release|Any CPU.ActiveCfg = Release|Any CPU
		{79F9E095-5271-4D88-9CDF-44C9725E04A5}.Release|Any CPU.Build.0 = Release|Any CPU
	EndGlobalSection
	GlobalSection(SolutionProperties) = preSolution
		HideSolutionNode = FALSE
	EndGlobalSection
	GlobalSection(ExtensibilityGlobals) = postSolution
		SolutionGuid = {ECAC2E20-5CAE-4363-81A8-B9177CEC959D}
	EndGlobalSection
EndGlobal
