
Microsoft Visual Studio Solution File, Format Version 12.00
# Visual Studio Version 17
VisualStudioVersion = 17.11.35222.181
MinimumVisualStudioVersion = 10.0.40219.1
Project("{FAE04EC0-301F-11D3-BF4B-00C04F79EFBC}") = "Aula_30_propriedades_operacoes_TimeSpan", "Aula_30_propriedades_operacoes_TimeSpan\Aula_30_propriedades_operacoes_TimeSpan.csproj", "{93CBD743-41E0-4B60-8A2F-0ACC6B0E5440}"
EndProject
Global
	GlobalSection(SolutionConfigurationPlatforms) = preSolution
		Debug|Any CPU = Debug|Any CPU
		Release|Any CPU = Release|Any CPU
	EndGlobalSection
	GlobalSection(ProjectConfigurationPlatforms) = postSolution
		{93CBD743-41E0-4B60-8A2F-0ACC6B0E5440}.Debug|Any CPU.ActiveCfg = Debug|Any CPU
		{93CBD743-41E0-4B60-8A2F-0ACC6B0E5440}.Debug|Any CPU.Build.0 = Debug|Any CPU
		{93CBD743-41E0-4B60-8A2F-0ACC6B0E5440}.Release|Any CPU.ActiveCfg = Release|Any CPU
		{93CBD743-41E0-4B60-8A2F-0ACC6B0E5440}.Release|Any CPU.Build.0 = Release|Any CPU
	EndGlobalSection
	GlobalSection(SolutionProperties) = preSolution
		HideSolutionNode = FALSE
	EndGlobalSection
	GlobalSection(ExtensibilityGlobals) = postSolution
		SolutionGuid = {647D4F3F-4EDF-4202-BB09-0A95AB21602F}
	EndGlobalSection
EndGlobal
