
Microsoft Visual Studio Solution File, Format Version 12.00
# Visual Studio Version 17
VisualStudioVersion = 17.11.35222.181
MinimumVisualStudioVersion = 10.0.40219.1
Project("{FAE04EC0-301F-11D3-BF4B-00C04F79EFBC}") = "Aula_24_switch_case", "Aula_24_switch_case\Aula_24_switch_case.csproj", "{ACEB2795-7656-400F-9187-45B2FA6A80BC}"
EndProject
Global
	GlobalSection(SolutionConfigurationPlatforms) = preSolution
		Debug|Any CPU = Debug|Any CPU
		Release|Any CPU = Release|Any CPU
	EndGlobalSection
	GlobalSection(ProjectConfigurationPlatforms) = postSolution
		{ACEB2795-7656-400F-9187-45B2FA6A80BC}.Debug|Any CPU.ActiveCfg = Debug|Any CPU
		{ACEB2795-7656-400F-9187-45B2FA6A80BC}.Debug|Any CPU.Build.0 = Debug|Any CPU
		{ACEB2795-7656-400F-9187-45B2FA6A80BC}.Release|Any CPU.ActiveCfg = Release|Any CPU
		{ACEB2795-7656-400F-9187-45B2FA6A80BC}.Release|Any CPU.Build.0 = Release|Any CPU
	EndGlobalSection
	GlobalSection(SolutionProperties) = preSolution
		HideSolutionNode = FALSE
	EndGlobalSection
	GlobalSection(ExtensibilityGlobals) = postSolution
		SolutionGuid = {57D8EC61-03B6-4074-A112-84EA8DF15F7A}
	EndGlobalSection
EndGlobal
