
Microsoft Visual Studio Solution File, Format Version 12.00
# Visual Studio Version 17
VisualStudioVersion = 17.11.35222.181
MinimumVisualStudioVersion = 10.0.40219.1
Project("{FAE04EC0-301F-11D3-BF4B-00C04F79EFBC}") = "Aula_10_segundo_exemplo_to_string", "Aula_10_segundo_exemplo\Aula_10_segundo_exemplo_to_string.csproj", "{B8B6D4E2-A065-497C-BF34-7275CE9AA3B4}"
EndProject
Global
	GlobalSection(SolutionConfigurationPlatforms) = preSolution
		Debug|Any CPU = Debug|Any CPU
		Release|Any CPU = Release|Any CPU
	EndGlobalSection
	GlobalSection(ProjectConfigurationPlatforms) = postSolution
		{B8B6D4E2-A065-497C-BF34-7275CE9AA3B4}.Debug|Any CPU.ActiveCfg = Debug|Any CPU
		{B8B6D4E2-A065-497C-BF34-7275CE9AA3B4}.Debug|Any CPU.Build.0 = Debug|Any CPU
		{B8B6D4E2-A065-497C-BF34-7275CE9AA3B4}.Release|Any CPU.ActiveCfg = Release|Any CPU
		{B8B6D4E2-A065-497C-BF34-7275CE9AA3B4}.Release|Any CPU.Build.0 = Release|Any CPU
	EndGlobalSection
	GlobalSection(SolutionProperties) = preSolution
		HideSolutionNode = FALSE
	EndGlobalSection
	GlobalSection(ExtensibilityGlobals) = postSolution
		SolutionGuid = {E8F0AB33-D770-42CF-A9C8-E96BCA5A7B70}
	EndGlobalSection
EndGlobal
