
Microsoft Visual Studio Solution File, Format Version 12.00
# Visual Studio Version 17
VisualStudioVersion = 17.11.35222.181
MinimumVisualStudioVersion = 10.0.40219.1
Project("{FAE04EC0-301F-11D3-BF4B-00C04F79EFBC}") = "Aula_41_ex_criando_excessoes", "Aula_41_ex_criando_excessoes\Aula_41_ex_criando_excessoes.csproj", "{B7E9D550-617B-4F17-A38C-B07C75FBB0BA}"
EndProject
Global
	GlobalSection(SolutionConfigurationPlatforms) = preSolution
		Debug|Any CPU = Debug|Any CPU
		Release|Any CPU = Release|Any CPU
	EndGlobalSection
	GlobalSection(ProjectConfigurationPlatforms) = postSolution
		{B7E9D550-617B-4F17-A38C-B07C75FBB0BA}.Debug|Any CPU.ActiveCfg = Debug|Any CPU
		{B7E9D550-617B-4F17-A38C-B07C75FBB0BA}.Debug|Any CPU.Build.0 = Debug|Any CPU
		{B7E9D550-617B-4F17-A38C-B07C75FBB0BA}.Release|Any CPU.ActiveCfg = Release|Any CPU
		{B7E9D550-617B-4F17-A38C-B07C75FBB0BA}.Release|Any CPU.Build.0 = Release|Any CPU
	EndGlobalSection
	GlobalSection(SolutionProperties) = preSolution
		HideSolutionNode = FALSE
	EndGlobalSection
	GlobalSection(ExtensibilityGlobals) = postSolution
		SolutionGuid = {F358F55A-120E-430C-A0FF-A118BDAC60F0}
	EndGlobalSection
EndGlobal
