
Microsoft Visual Studio Solution File, Format Version 12.00
# Visual Studio Version 17
VisualStudioVersion = 17.11.35222.181
MinimumVisualStudioVersion = 10.0.40219.1
Project("{FAE04EC0-301F-11D3-BF4B-00C04F79EFBC}") = "Aula_31_DateTimeKind", "Aula_31_DateTimeKind\Aula_31_DateTimeKind.csproj", "{02284CD7-D78F-4A5F-9EF5-2582F5D486BE}"
EndProject
Global
	GlobalSection(SolutionConfigurationPlatforms) = preSolution
		Debug|Any CPU = Debug|Any CPU
		Release|Any CPU = Release|Any CPU
	EndGlobalSection
	GlobalSection(ProjectConfigurationPlatforms) = postSolution
		{02284CD7-D78F-4A5F-9EF5-2582F5D486BE}.Debug|Any CPU.ActiveCfg = Debug|Any CPU
		{02284CD7-D78F-4A5F-9EF5-2582F5D486BE}.Debug|Any CPU.Build.0 = Debug|Any CPU
		{02284CD7-D78F-4A5F-9EF5-2582F5D486BE}.Release|Any CPU.ActiveCfg = Release|Any CPU
		{02284CD7-D78F-4A5F-9EF5-2582F5D486BE}.Release|Any CPU.Build.0 = Release|Any CPU
	EndGlobalSection
	GlobalSection(SolutionProperties) = preSolution
		HideSolutionNode = FALSE
	EndGlobalSection
	GlobalSection(ExtensibilityGlobals) = postSolution
		SolutionGuid = {0F0A5C4C-C47B-4060-8217-E8EF110A3C3E}
	EndGlobalSection
EndGlobal
