
Microsoft Visual Studio Solution File, Format Version 12.00
# Visual Studio Version 17
VisualStudioVersion = 17.11.35222.181
MinimumVisualStudioVersion = 10.0.40219.1
Project("{FAE04EC0-301F-11D3-BF4B-00C04F79EFBC}") = "Aula_8_problema_sem_poo", "Aula_8_problema_sem_poo\Aula_8_problema_sem_poo.csproj", "{5A27B3B8-4584-4F97-9FA3-3B3C222511DD}"
EndProject
Global
	GlobalSection(SolutionConfigurationPlatforms) = preSolution
		Debug|Any CPU = Debug|Any CPU
		Release|Any CPU = Release|Any CPU
	EndGlobalSection
	GlobalSection(ProjectConfigurationPlatforms) = postSolution
		{5A27B3B8-4584-4F97-9FA3-3B3C222511DD}.Debug|Any CPU.ActiveCfg = Debug|Any CPU
		{5A27B3B8-4584-4F97-9FA3-3B3C222511DD}.Debug|Any CPU.Build.0 = Debug|Any CPU
		{5A27B3B8-4584-4F97-9FA3-3B3C222511DD}.Release|Any CPU.ActiveCfg = Release|Any CPU
		{5A27B3B8-4584-4F97-9FA3-3B3C222511DD}.Release|Any CPU.Build.0 = Release|Any CPU
	EndGlobalSection
	GlobalSection(SolutionProperties) = preSolution
		HideSolutionNode = FALSE
	EndGlobalSection
	GlobalSection(ExtensibilityGlobals) = postSolution
		SolutionGuid = {86F81D4C-8608-423B-9B0D-F7E68CDD51DF}
	EndGlobalSection
EndGlobal
